<?xml version="1.0" encoding="utf-8"?>
<Project ToolsVersion="4.0" xmlns="http://schemas.microsoft.com/developer/msbuild/2003">
  <ItemGroup>
    <Filter Include="源文件">
      <UniqueIdentifier>{4FC737F1-C7A5-4376-A066-2A32D752A2FF}</UniqueIdentifier>
      <Extensions>cpp;c;cc;cxx;def;odl;idl;hpj;bat;asm;asmx</Extensions>
    </Filter>
    <Filter Include="头文件">
      <UniqueIdentifier>{93995380-89BD-4b04-88EB-625FBE52EBFB}</UniqueIdentifier>
      <Extensions>h;hh;hpp;hxx;hm;inl;inc;xsd</Extensions>
    </Filter>
    <Filter Include="资源文件">
      <UniqueIdentifier>{67DA6AB6-F800-4c08-8B7A-83BB121AAD01}</UniqueIdentifier>
      <Extensions>rc;ico;cur;bmp;dlg;rc2;rct;bin;rgs;gif;jpg;jpeg;jpe;resx;tiff;tif;png;wav;mfcribbon-ms</Extensions>
    </Filter>
    <Filter Include="源文件\leetcode">
      <UniqueIdentifier>{2cef2709-2fff-4a31-b9ab-fe540ad3bb9e}</UniqueIdentifier>
    </Filter>
    <Filter Include="源文件\algorithm_4_th">
      <UniqueIdentifier>{209b917e-beb7-49cc-970a-75dccb8e878d}</UniqueIdentifier>
    </Filter>
    <Filter Include="源文件\剑指offer">
      <UniqueIdentifier>{62f3ae29-84b5-4391-83a0-30b60cf47271}</UniqueIdentifier>
    </Filter>
    <Filter Include="源文件\代码面试指南">
      <UniqueIdentifier>{f0300110-0439-416d-890a-59e852237929}</UniqueIdentifier>
    </Filter>
  </ItemGroup>
  <ItemGroup>
    <ClCompile Include="Solution_3.cpp">
      <Filter>源文件\leetcode</Filter>
    </ClCompile>
    <ClCompile Include="Solution_11.cpp">
      <Filter>源文件\leetcode</Filter>
    </ClCompile>
    <ClCompile Include="Solution_16.cpp">
      <Filter>源文件\leetcode</Filter>
    </ClCompile>
    <ClCompile Include="Solution_28.cpp">
      <Filter>源文件\leetcode</Filter>
    </ClCompile>
    <ClCompile Include="Solution_283.cpp">
      <Filter>源文件\leetcode</Filter>
    </ClCompile>
    <ClCompile Include="Solution_15.cpp">
      <Filter>源文件\leetcode</Filter>
    </ClCompile>
    <ClCompile Include="Solution_18.cpp">
      <Filter>源文件\leetcode</Filter>
    </ClCompile>
    <ClCompile Include="Solution_19.cpp">
      <Filter>源文件\leetcode</Filter>
    </ClCompile>
    <ClCompile Include="Solution_26.cpp">
      <Filter>源文件\leetcode</Filter>
    </ClCompile>
    <ClCompile Include="Solution_61.cpp">
      <Filter>源文件\leetcode</Filter>
    </ClCompile>
    <ClCompile Include="Solution_27.cpp">
      <Filter>源文件\leetcode</Filter>
    </ClCompile>
    <ClCompile Include="Solution_75.cpp">
      <Filter>源文件\leetcode</Filter>
    </ClCompile>
    <ClCompile Include="Solution_86.cpp">
      <Filter>源文件\leetcode</Filter>
    </ClCompile>
    <ClCompile Include="Solution_80.cpp">
      <Filter>源文件\leetcode</Filter>
    </ClCompile>
    <ClCompile Include="Solution_88.cpp">
      <Filter>源文件\leetcode</Filter>
    </ClCompile>
    <ClCompile Include="Solution_125.cpp">
      <Filter>源文件\leetcode</Filter>
    </ClCompile>
    <ClCompile Include="Solution_142.cpp">
      <Filter>源文件\leetcode</Filter>
    </ClCompile>
    <ClCompile Include="Solution_141.cpp">
      <Filter>源文件\leetcode</Filter>
    </ClCompile>
    <ClCompile Include="Solution_167.cpp">
      <Filter>源文件\leetcode</Filter>
    </ClCompile>
    <ClCompile Include="Solution_209.cpp">
      <Filter>源文件\leetcode</Filter>
    </ClCompile>
    <ClCompile Include="Solution_234.cpp">
      <Filter>源文件\leetcode</Filter>
    </ClCompile>
    <ClCompile Include="Solution_287.cpp">
      <Filter>源文件\leetcode</Filter>
    </ClCompile>
    <ClCompile Include="Solution_345.cpp">
      <Filter>源文件\leetcode</Filter>
    </ClCompile>
    <ClCompile Include="Solution_424.cpp">
      <Filter>源文件\leetcode</Filter>
    </ClCompile>
    <ClCompile Include="Solution_532.cpp">
      <Filter>源文件\leetcode</Filter>
    </ClCompile>
    <ClCompile Include="Solution_838.cpp">
      <Filter>源文件\leetcode</Filter>
    </ClCompile>
    <ClCompile Include="Solution_977.cpp">
      <Filter>源文件\leetcode</Filter>
    </ClCompile>
    <ClCompile Include="Solution_925.cpp">
      <Filter>源文件\leetcode</Filter>
    </ClCompile>
    <ClCompile Include="Solution_844.cpp">
      <Filter>源文件\leetcode</Filter>
    </ClCompile>
    <ClCompile Include="Solution_763.cpp">
      <Filter>源文件\leetcode</Filter>
    </ClCompile>
    <ClCompile Include="Solution_713.cpp">
      <Filter>源文件\leetcode</Filter>
    </ClCompile>
    <ClCompile Include="Solution_567.cpp">
      <Filter>源文件\leetcode</Filter>
    </ClCompile>
    <ClCompile Include="Solution_524.cpp">
      <Filter>源文件\leetcode</Filter>
    </ClCompile>
    <ClCompile Include="Solution_457.cpp">
      <Filter>源文件\leetcode</Filter>
    </ClCompile>
    <ClCompile Include="Solution_350.cpp">
      <Filter>源文件\leetcode</Filter>
    </ClCompile>
    <ClCompile Include="Solution_349.cpp">
      <Filter>源文件\leetcode</Filter>
    </ClCompile>
    <ClCompile Include="Solution_344.cpp">
      <Filter>源文件\leetcode</Filter>
    </ClCompile>
    <ClCompile Include="Solution_930.cpp">
      <Filter>源文件\leetcode</Filter>
    </ClCompile>
    <ClCompile Include="Solution_845.cpp">
      <Filter>源文件\leetcode</Filter>
    </ClCompile>
    <ClCompile Include="Solution_881.cpp">
      <Filter>源文件\leetcode</Filter>
    </ClCompile>
    <ClCompile Include="Solution_923.cpp">
      <Filter>源文件\leetcode</Filter>
    </ClCompile>
    <ClCompile Include="Solution_986.cpp">
      <Filter>源文件\leetcode</Filter>
    </ClCompile>
    <ClCompile Include="Solution_1004.cpp">
      <Filter>源文件\leetcode</Filter>
    </ClCompile>
    <ClCompile Include="Solution_1.cpp">
      <Filter>源文件\leetcode</Filter>
    </ClCompile>
    <ClCompile Include="Solution_978.cpp">
      <Filter>源文件\leetcode</Filter>
    </ClCompile>
    <ClCompile Include="Solution_33.cpp">
      <Filter>源文件\leetcode</Filter>
    </ClCompile>
    <ClCompile Include="Solution_31.cpp">
      <Filter>源文件\leetcode</Filter>
    </ClCompile>
    <ClCompile Include="Solution_1052.cpp">
      <Filter>源文件\leetcode</Filter>
    </ClCompile>
    <ClCompile Include="Solution_1093.cpp">
      <Filter>源文件\leetcode</Filter>
    </ClCompile>
    <ClCompile Include="Solution_1176.cpp">
      <Filter>源文件\leetcode</Filter>
    </ClCompile>
    <ClCompile Include="Solution_34.cpp">
      <Filter>源文件\leetcode</Filter>
    </ClCompile>
    <ClCompile Include="Solution_35.cpp">
      <Filter>源文件\leetcode</Filter>
    </ClCompile>
    <ClCompile Include="Solution_48.cpp">
      <Filter>源文件\leetcode</Filter>
    </ClCompile>
    <ClCompile Include="Solution_53.cpp">
      <Filter>源文件\leetcode</Filter>
    </ClCompile>
    <ClCompile Include="Solution_40.cpp">
      <Filter>源文件\leetcode</Filter>
    </ClCompile>
    <ClCompile Include="Solution_54.cpp">
      <Filter>源文件\leetcode</Filter>
    </ClCompile>
    <ClCompile Include="Solution_39.cpp">
      <Filter>源文件\leetcode</Filter>
    </ClCompile>
    <ClCompile Include="Solution_55.cpp">
      <Filter>源文件\leetcode</Filter>
    </ClCompile>
    <ClCompile Include="Solution_56.cpp">
      <Filter>源文件\leetcode</Filter>
    </ClCompile>
    <ClCompile Include="Solution_62.cpp">
      <Filter>源文件\leetcode</Filter>
    </ClCompile>
    <ClCompile Include="Solution_64.cpp">
      <Filter>源文件\leetcode</Filter>
    </ClCompile>
    <ClCompile Include="Solution_66.cpp">
      <Filter>源文件\leetcode</Filter>
    </ClCompile>
    <ClCompile Include="Solution_73.cpp">
      <Filter>源文件\leetcode</Filter>
    </ClCompile>
    <ClCompile Include="Solution_59.cpp">
      <Filter>源文件\leetcode</Filter>
    </ClCompile>
    <ClCompile Include="Solution_63.cpp">
      <Filter>源文件\leetcode</Filter>
    </ClCompile>
    <ClCompile Include="Solution_74.cpp">
      <Filter>源文件\leetcode</Filter>
    </ClCompile>
    <ClCompile Include="Solution_78.cpp">
      <Filter>源文件\leetcode</Filter>
    </ClCompile>
    <ClCompile Include="Solution_79.cpp">
      <Filter>源文件\leetcode</Filter>
    </ClCompile>
    <ClCompile Include="Solution_90.cpp">
      <Filter>源文件\leetcode</Filter>
    </ClCompile>
    <ClCompile Include="Solution_105.cpp">
      <Filter>源文件\leetcode</Filter>
    </ClCompile>
    <ClCompile Include="Solution_106.cpp">
      <Filter>源文件\leetcode</Filter>
    </ClCompile>
    <ClCompile Include="Solution_118.cpp">
      <Filter>源文件\leetcode</Filter>
    </ClCompile>
    <ClCompile Include="Solution_152.cpp">
      <Filter>源文件\leetcode</Filter>
    </ClCompile>
    <ClCompile Include="Solution_119.cpp">
      <Filter>源文件\leetcode</Filter>
    </ClCompile>
    <ClCompile Include="Solution_153.cpp">
      <Filter>源文件\leetcode</Filter>
    </ClCompile>
    <ClCompile Include="Solution_169.cpp">
      <Filter>源文件\leetcode</Filter>
    </ClCompile>
    <ClCompile Include="Solution_189.cpp">
      <Filter>源文件\leetcode</Filter>
    </ClCompile>
    <ClCompile Include="Solution_216.cpp">
      <Filter>源文件\leetcode</Filter>
    </ClCompile>
    <ClCompile Include="Solution_217.cpp">
      <Filter>源文件\leetcode</Filter>
    </ClCompile>
    <ClCompile Include="Solution_219.cpp">
      <Filter>源文件\leetcode</Filter>
    </ClCompile>
    <ClCompile Include="Solution_228.cpp">
      <Filter>源文件\leetcode</Filter>
    </ClCompile>
    <ClCompile Include="Solution_414.cpp">
      <Filter>源文件\leetcode</Filter>
    </ClCompile>
    <ClCompile Include="Solution_289.cpp">
      <Filter>源文件\leetcode</Filter>
    </ClCompile>
    <ClCompile Include="Solution_448.cpp">
      <Filter>源文件\leetcode</Filter>
    </ClCompile>
    <ClCompile Include="Solution_380.cpp">
      <Filter>源文件\leetcode</Filter>
    </ClCompile>
    <ClCompile Include="Solution_268.cpp">
      <Filter>源文件\leetcode</Filter>
    </ClCompile>
    <ClCompile Include="Solution_485.cpp">
      <Filter>源文件\leetcode</Filter>
    </ClCompile>
    <ClCompile Include="Solution_238.cpp">
      <Filter>源文件\leetcode</Filter>
    </ClCompile>
    <ClCompile Include="Solution_495.cpp">
      <Filter>源文件\leetcode</Filter>
    </ClCompile>
    <ClCompile Include="Solution_162.cpp">
      <Filter>源文件\leetcode</Filter>
    </ClCompile>
    <ClCompile Include="Solution_442.cpp">
      <Filter>源文件\leetcode</Filter>
    </ClCompile>
    <ClCompile Include="Solution_560.cpp">
      <Filter>源文件\leetcode</Filter>
    </ClCompile>
    <ClCompile Include="Solution_665.cpp">
      <Filter>源文件\leetcode</Filter>
    </ClCompile>
    <ClCompile Include="Solution_561.cpp">
      <Filter>源文件\leetcode</Filter>
    </ClCompile>
    <ClCompile Include="Solution_565.cpp">
      <Filter>源文件\leetcode</Filter>
    </ClCompile>
    <ClCompile Include="Solution_581.cpp">
      <Filter>源文件\leetcode</Filter>
    </ClCompile>
    <ClCompile Include="Solution_566.cpp">
      <Filter>源文件\leetcode</Filter>
    </ClCompile>
    <ClCompile Include="Solution_605.cpp">
      <Filter>源文件\leetcode</Filter>
    </ClCompile>
    <ClCompile Include="Solution_611.cpp">
      <Filter>源文件\leetcode</Filter>
    </ClCompile>
    <ClCompile Include="Solution_661.cpp">
      <Filter>源文件\leetcode</Filter>
    </ClCompile>
    <ClCompile Include="Solution_643.cpp">
      <Filter>源文件\leetcode</Filter>
    </ClCompile>
    <ClCompile Include="Solution_628.cpp">
      <Filter>源文件\leetcode</Filter>
    </ClCompile>
    <ClCompile Include="Solution_621.cpp">
      <Filter>源文件\leetcode</Filter>
    </ClCompile>
    <ClCompile Include="Solution_5.cpp">
      <Filter>源文件\leetcode</Filter>
    </ClCompile>
    <ClCompile Include="Solution_70.cpp">
      <Filter>源文件\leetcode</Filter>
    </ClCompile>
    <ClCompile Include="Solution_91.cpp">
      <Filter>源文件\leetcode</Filter>
    </ClCompile>
    <ClCompile Include="Solution_95.cpp">
      <Filter>源文件\leetcode</Filter>
    </ClCompile>
    <ClCompile Include="Solution_96.cpp">
      <Filter>源文件\leetcode</Filter>
    </ClCompile>
    <ClCompile Include="Solution_120.cpp">
      <Filter>源文件\leetcode</Filter>
    </ClCompile>
    <ClCompile Include="Solution_121.cpp">
      <Filter>源文件\leetcode</Filter>
    </ClCompile>
    <ClCompile Include="Solution_139.cpp">
      <Filter>源文件\leetcode</Filter>
    </ClCompile>
    <ClCompile Include="Solution_2.cpp">
      <Filter>源文件\leetcode</Filter>
    </ClCompile>
    <ClCompile Include="Solution_6.cpp">
      <Filter>源文件\leetcode</Filter>
    </ClCompile>
    <ClCompile Include="Solution_9.cpp">
      <Filter>源文件\leetcode</Filter>
    </ClCompile>
    <ClCompile Include="Solution_8.cpp">
      <Filter>源文件\leetcode</Filter>
    </ClCompile>
    <ClCompile Include="Solution_213.cpp">
      <Filter>源文件\leetcode</Filter>
    </ClCompile>
    <ClCompile Include="Solution_221.cpp">
      <Filter>源文件\leetcode</Filter>
    </ClCompile>
    <ClCompile Include="Solution_7.cpp">
      <Filter>源文件\leetcode</Filter>
    </ClCompile>
    <ClCompile Include="Solution_198.cpp">
      <Filter>源文件\leetcode</Filter>
    </ClCompile>
    <ClCompile Include="Solution_264.cpp">
      <Filter>源文件\leetcode</Filter>
    </ClCompile>
    <ClCompile Include="Solution_14.cpp">
      <Filter>源文件\leetcode</Filter>
    </ClCompile>
    <ClCompile Include="Solution_17.cpp">
      <Filter>源文件\leetcode</Filter>
    </ClCompile>
    <ClCompile Include="Solution_20.cpp">
      <Filter>源文件\leetcode</Filter>
    </ClCompile>
    <ClCompile Include="Solution_21.cpp">
      <Filter>源文件\leetcode</Filter>
    </ClCompile>
    <ClCompile Include="Solution_22.cpp">
      <Filter>源文件\leetcode</Filter>
    </ClCompile>
    <ClCompile Include="Solution_24.cpp">
      <Filter>源文件\leetcode</Filter>
    </ClCompile>
    <ClCompile Include="Solution_38.cpp">
      <Filter>源文件\leetcode</Filter>
    </ClCompile>
    <ClCompile Include="Solution_36.cpp">
      <Filter>源文件\leetcode</Filter>
    </ClCompile>
    <ClCompile Include="Solution_43.cpp">
      <Filter>源文件\leetcode</Filter>
    </ClCompile>
    <ClCompile Include="Solution_46.cpp">
      <Filter>源文件\leetcode</Filter>
    </ClCompile>
    <ClCompile Include="Solution_47.cpp">
      <Filter>源文件\leetcode</Filter>
    </ClCompile>
    <ClCompile Include="Solution_49.cpp">
      <Filter>源文件\leetcode</Filter>
    </ClCompile>
    <ClCompile Include="Solution_67.cpp">
      <Filter>源文件\leetcode</Filter>
    </ClCompile>
    <ClCompile Include="Solution_77.cpp">
      <Filter>源文件\leetcode</Filter>
    </ClCompile>
    <ClCompile Include="Solution_82.cpp">
      <Filter>源文件\leetcode</Filter>
    </ClCompile>
    <ClCompile Include="Solution_71.cpp">
      <Filter>源文件\leetcode</Filter>
    </ClCompile>
    <ClCompile Include="Solution_50.cpp">
      <Filter>源文件\leetcode</Filter>
    </ClCompile>
    <ClCompile Include="Solution_58.cpp">
      <Filter>源文件\leetcode</Filter>
    </ClCompile>
    <ClCompile Include="Solution_60.cpp">
      <Filter>源文件\leetcode</Filter>
    </ClCompile>
    <ClCompile Include="Solution_69.cpp">
      <Filter>源文件\leetcode</Filter>
    </ClCompile>
    <ClCompile Include="Solution_83.cpp">
      <Filter>源文件\leetcode</Filter>
    </ClCompile>
    <ClCompile Include="Solution_92.cpp">
      <Filter>源文件\leetcode</Filter>
    </ClCompile>
    <ClCompile Include="Solution_94.cpp">
      <Filter>源文件\leetcode</Filter>
    </ClCompile>
    <ClCompile Include="Solution_98.cpp">
      <Filter>源文件\leetcode</Filter>
    </ClCompile>
    <ClCompile Include="Solution_100.cpp">
      <Filter>源文件\leetcode</Filter>
    </ClCompile>
    <ClCompile Include="Solution_117.cpp">
      <Filter>源文件\leetcode</Filter>
    </ClCompile>
    <ClCompile Include="Solution_101.cpp">
      <Filter>源文件\leetcode</Filter>
    </ClCompile>
    <ClCompile Include="Solution_102.cpp">
      <Filter>源文件\leetcode</Filter>
    </ClCompile>
    <ClCompile Include="Solution_103.cpp">
      <Filter>源文件\leetcode</Filter>
    </ClCompile>
    <ClCompile Include="Solution_107.cpp">
      <Filter>源文件\leetcode</Filter>
    </ClCompile>
    <ClCompile Include="Solution_104.cpp">
      <Filter>源文件\leetcode</Filter>
    </ClCompile>
    <ClCompile Include="Solution_108.cpp">
      <Filter>源文件\leetcode</Filter>
    </ClCompile>
    <ClCompile Include="Solution_109.cpp">
      <Filter>源文件\leetcode</Filter>
    </ClCompile>
    <ClCompile Include="Solution_110.cpp">
      <Filter>源文件\leetcode</Filter>
    </ClCompile>
    <ClCompile Include="Solution_111.cpp">
      <Filter>源文件\leetcode</Filter>
    </ClCompile>
    <ClCompile Include="Solution_112.cpp">
      <Filter>源文件\leetcode</Filter>
    </ClCompile>
    <ClCompile Include="Solution_113.cpp">
      <Filter>源文件\leetcode</Filter>
    </ClCompile>
    <ClCompile Include="Solution_114.cpp">
      <Filter>源文件\leetcode</Filter>
    </ClCompile>
    <ClCompile Include="Solution_116.cpp">
      <Filter>源文件\leetcode</Filter>
    </ClCompile>
    <ClCompile Include="evaluate.cpp">
      <Filter>源文件\algorithm_4_th</Filter>
    </ClCompile>
    <ClCompile Include="union_find.cpp">
      <Filter>源文件\algorithm_4_th</Filter>
    </ClCompile>
    <ClCompile Include="MaxPQ.cpp">
      <Filter>源文件\algorithm_4_th</Filter>
    </ClCompile>
    <ClCompile Include="Sort.cpp">
      <Filter>源文件\algorithm_4_th</Filter>
    </ClCompile>
    <ClCompile Include="Solution_127.cpp">
      <Filter>源文件\leetcode</Filter>
    </ClCompile>
    <ClCompile Include="Solution_129.cpp">
      <Filter>源文件\leetcode</Filter>
    </ClCompile>
    <ClCompile Include="Solution_130.cpp">
      <Filter>源文件\leetcode</Filter>
    </ClCompile>
    <ClCompile Include="Solution_131.cpp">
      <Filter>源文件\leetcode</Filter>
    </ClCompile>
    <ClCompile Include="Solution_133.cpp">
      <Filter>源文件\leetcode</Filter>
    </ClCompile>
    <ClCompile Include="Solution_134.cpp">
      <Filter>源文件\leetcode</Filter>
    </ClCompile>
    <ClCompile Include="Solution_200.cpp">
      <Filter>源文件\leetcode</Filter>
    </ClCompile>
    <ClCompile Include="Solution_168.cpp">
      <Filter>源文件\leetcode</Filter>
    </ClCompile>
    <ClCompile Include="Solution_122.cpp">
      <Filter>源文件\leetcode</Filter>
    </ClCompile>
    <ClCompile Include="Solution_136.cpp">
      <Filter>源文件\leetcode</Filter>
    </ClCompile>
    <ClCompile Include="Solution_138.cpp">
      <Filter>源文件\leetcode</Filter>
    </ClCompile>
    <ClCompile Include="Solution_143.cpp">
      <Filter>源文件\leetcode</Filter>
    </ClCompile>
    <ClCompile Include="Solution_144.cpp">
      <Filter>源文件\leetcode</Filter>
    </ClCompile>
    <ClCompile Include="Solution_145.cpp">
      <Filter>源文件\leetcode</Filter>
    </ClCompile>
    <ClCompile Include="Solution_146.cpp">
      <Filter>源文件\leetcode</Filter>
    </ClCompile>
    <ClCompile Include="Solution_147.cpp">
      <Filter>源文件\leetcode</Filter>
    </ClCompile>
    <ClCompile Include="Solution_148.cpp">
      <Filter>源文件\leetcode</Filter>
    </ClCompile>
    <ClCompile Include="Solution_150.cpp">
      <Filter>源文件\leetcode</Filter>
    </ClCompile>
    <ClCompile Include="Solution_151.cpp">
      <Filter>源文件\leetcode</Filter>
    </ClCompile>
    <ClCompile Include="Solution_155.cpp">
      <Filter>源文件\leetcode</Filter>
    </ClCompile>
    <ClCompile Include="Solution_160.cpp">
      <Filter>源文件\leetcode</Filter>
    </ClCompile>
    <ClCompile Include="Solution_165.cpp">
      <Filter>源文件\leetcode</Filter>
    </ClCompile>
    <ClCompile Include="binarySearchTree.cpp">
      <Filter>源文件\algorithm_4_th</Filter>
    </ClCompile>
    <ClCompile Include="directedCycle.cpp">
      <Filter>源文件\algorithm_4_th</Filter>
    </ClCompile>
    <ClCompile Include="topoloGical.cpp">
      <Filter>源文件\algorithm_4_th</Filter>
    </ClCompile>
    <ClCompile Include="strongConnected.cpp">
      <Filter>源文件\algorithm_4_th</Filter>
    </ClCompile>
    <ClCompile Include="SPFA.cpp">
      <Filter>源文件\algorithm_4_th</Filter>
    </ClCompile>
    <ClCompile Include="Solution_211.cpp">
      <Filter>源文件\leetcode</Filter>
    </ClCompile>
    <ClCompile Include="Solution_836.cpp">
      <Filter>源文件\leetcode</Filter>
    </ClCompile>
    <ClCompile Include="Solution_215.cpp">
      <Filter>源文件\leetcode</Filter>
    </ClCompile>
    <ClCompile Include="Solution_220.cpp">
      <Filter>源文件\leetcode</Filter>
    </ClCompile>
    <ClCompile Include="Solution_222.cpp">
      <Filter>源文件\leetcode</Filter>
    </ClCompile>
    <ClCompile Include="Solution_223.cpp">
      <Filter>源文件\leetcode</Filter>
    </ClCompile>
    <ClCompile Include="Solution_225.cpp">
      <Filter>源文件\leetcode</Filter>
    </ClCompile>
    <ClCompile Include="Solution_226.cpp">
      <Filter>源文件\leetcode</Filter>
    </ClCompile>
    <ClCompile Include="Solution_229.cpp">
      <Filter>源文件\leetcode</Filter>
    </ClCompile>
    <ClCompile Include="Solution_230.cpp">
      <Filter>源文件\leetcode</Filter>
    </ClCompile>
    <ClCompile Include="Solution_231.cpp">
      <Filter>源文件\leetcode</Filter>
    </ClCompile>
    <ClCompile Include="Solution_187.cpp">
      <Filter>源文件\leetcode</Filter>
    </ClCompile>
    <ClCompile Include="Solution_190.cpp">
      <Filter>源文件\leetcode</Filter>
    </ClCompile>
    <ClCompile Include="Solution_191.cpp">
      <Filter>源文件\leetcode</Filter>
    </ClCompile>
    <ClCompile Include="Solution_210.cpp">
      <Filter>源文件\leetcode</Filter>
    </ClCompile>
    <ClCompile Include="Solution_199.cpp">
      <Filter>源文件\leetcode</Filter>
    </ClCompile>
    <ClCompile Include="Solution_201.cpp">
      <Filter>源文件\leetcode</Filter>
    </ClCompile>
    <ClCompile Include="Solution_203.cpp">
      <Filter>源文件\leetcode</Filter>
    </ClCompile>
    <ClCompile Include="Solution_204.cpp">
      <Filter>源文件\leetcode</Filter>
    </ClCompile>
    <ClCompile Include="Solution_208.cpp">
      <Filter>源文件\leetcode</Filter>
    </ClCompile>
    <ClCompile Include="Solution_207.cpp">
      <Filter>源文件\leetcode</Filter>
    </ClCompile>
    <ClCompile Include="Solution_202.cpp">
      <Filter>源文件\leetcode</Filter>
    </ClCompile>
    <ClCompile Include="Solution_205.cpp">
      <Filter>源文件\leetcode</Filter>
    </ClCompile>
    <ClCompile Include="Solution_206.cpp">
      <Filter>源文件\leetcode</Filter>
    </ClCompile>
    <ClCompile Include="Solution_171.cpp">
      <Filter>源文件\leetcode</Filter>
    </ClCompile>
    <ClCompile Include="Solution_172.cpp">
      <Filter>源文件\leetcode</Filter>
    </ClCompile>
    <ClCompile Include="Solution_173.cpp">
      <Filter>源文件\leetcode</Filter>
    </ClCompile>
    <ClCompile Include="Solution_179.cpp">
      <Filter>源文件\leetcode</Filter>
    </ClCompile>
    <ClCompile Include="Solution_303.cpp">
      <Filter>源文件\leetcode</Filter>
    </ClCompile>
    <ClCompile Include="Solution_300.cpp">
      <Filter>源文件\leetcode</Filter>
    </ClCompile>
    <ClCompile Include="Solution_299.cpp">
      <Filter>源文件\leetcode</Filter>
    </ClCompile>
    <ClCompile Include="Solution_292.cpp">
      <Filter>源文件\leetcode</Filter>
    </ClCompile>
    <ClCompile Include="Solution_290.cpp">
      <Filter>源文件\leetcode</Filter>
    </ClCompile>
    <ClCompile Include="Solution_284.cpp">
      <Filter>源文件\leetcode</Filter>
    </ClCompile>
    <ClCompile Include="Solution_279.cpp">
      <Filter>源文件\leetcode</Filter>
    </ClCompile>
    <ClCompile Include="Solution_278.cpp">
      <Filter>源文件\leetcode</Filter>
    </ClCompile>
    <ClCompile Include="Solution_274.cpp">
      <Filter>源文件\leetcode</Filter>
    </ClCompile>
    <ClCompile Include="Solution_263.cpp">
      <Filter>源文件\leetcode</Filter>
    </ClCompile>
    <ClCompile Include="Solution_260.cpp">
      <Filter>源文件\leetcode</Filter>
    </ClCompile>
    <ClCompile Include="Solution_258.cpp">
      <Filter>源文件\leetcode</Filter>
    </ClCompile>
    <ClCompile Include="Solution_257.cpp">
      <Filter>源文件\leetcode</Filter>
    </ClCompile>
    <ClCompile Include="Solution_242.cpp">
      <Filter>源文件\leetcode</Filter>
    </ClCompile>
    <ClCompile Include="Solution_241.cpp">
      <Filter>源文件\leetcode</Filter>
    </ClCompile>
    <ClCompile Include="Solution_240.cpp">
      <Filter>源文件\leetcode</Filter>
    </ClCompile>
    <ClCompile Include="Solution_237.cpp">
      <Filter>源文件\leetcode</Filter>
    </ClCompile>
    <ClCompile Include="Solution_236.cpp">
      <Filter>源文件\leetcode</Filter>
    </ClCompile>
    <ClCompile Include="Solution_235.cpp">
      <Filter>源文件\leetcode</Filter>
    </ClCompile>
    <ClCompile Include="Solution_232.cpp">
      <Filter>源文件\leetcode</Filter>
    </ClCompile>
    <ClCompile Include="Solution_842.cpp">
      <Filter>源文件\leetcode</Filter>
    </ClCompile>
    <ClCompile Include="Solution_306.cpp">
      <Filter>源文件\leetcode</Filter>
    </ClCompile>
    <ClCompile Include="Solution_304.cpp">
      <Filter>源文件\leetcode</Filter>
    </ClCompile>
    <ClCompile Include="Solution_307.cpp">
      <Filter>源文件\leetcode</Filter>
    </ClCompile>
    <ClCompile Include="Solution_309_hard_understand.cpp">
      <Filter>源文件\leetcode</Filter>
    </ClCompile>
    <ClCompile Include="Solution_332.cpp">
      <Filter>源文件\leetcode</Filter>
    </ClCompile>
    <ClCompile Include="Solution_331.cpp">
      <Filter>源文件\leetcode</Filter>
    </ClCompile>
    <ClCompile Include="Solution_326.cpp">
      <Filter>源文件\leetcode</Filter>
    </ClCompile>
    <ClCompile Include="Solution_328.cpp">
      <Filter>源文件\leetcode</Filter>
    </ClCompile>
    <ClCompile Include="Solution_324.cpp">
      <Filter>源文件\leetcode</Filter>
    </ClCompile>
    <ClCompile Include="Solution_322.cpp">
      <Filter>源文件\leetcode</Filter>
    </ClCompile>
    <ClCompile Include="Solution_319.cpp">
      <Filter>源文件\leetcode</Filter>
    </ClCompile>
    <ClCompile Include="Solution_318.cpp">
      <Filter>源文件\leetcode</Filter>
    </ClCompile>
    <ClCompile Include="Solution_313.cpp">
      <Filter>源文件\leetcode</Filter>
    </ClCompile>
    <ClCompile Include="Solution_310.cpp">
      <Filter>源文件\leetcode</Filter>
    </ClCompile>
    <ClCompile Include="Solution_461.cpp">
      <Filter>源文件\leetcode</Filter>
    </ClCompile>
    <ClCompile Include="Solution_334.cpp">
      <Filter>源文件\leetcode</Filter>
    </ClCompile>
    <ClCompile Include="Solution_337.cpp">
      <Filter>源文件\leetcode</Filter>
    </ClCompile>
    <ClCompile Include="Solution_338.cpp">
      <Filter>源文件\leetcode</Filter>
    </ClCompile>
    <ClCompile Include="Solution_342.cpp">
      <Filter>源文件\leetcode</Filter>
    </ClCompile>
    <ClCompile Include="Solution_343.cpp">
      <Filter>源文件\leetcode</Filter>
    </ClCompile>
    <ClCompile Include="Solution_347.cpp">
      <Filter>源文件\leetcode</Filter>
    </ClCompile>
    <ClCompile Include="Solution_355.cpp">
      <Filter>源文件\leetcode</Filter>
    </ClCompile>
    <ClCompile Include="Solution_357.cpp">
      <Filter>源文件\leetcode</Filter>
    </ClCompile>
    <ClCompile Include="Solution_367.cpp">
      <Filter>源文件\leetcode</Filter>
    </ClCompile>
    <ClCompile Include="Solution_368.cpp">
      <Filter>源文件\leetcode</Filter>
    </ClCompile>
    <ClCompile Include="Solution_371.cpp">
      <Filter>源文件\leetcode</Filter>
    </ClCompile>
    <ClCompile Include="Solution_373.cpp">
      <Filter>源文件\leetcode</Filter>
    </ClCompile>
    <ClCompile Include="Solution_374.cpp">
      <Filter>源文件\leetcode</Filter>
    </ClCompile>
    <ClCompile Include="Solution_72.cpp">
      <Filter>源文件\leetcode</Filter>
    </ClCompile>
    <ClCompile Include="Solution_394.cpp">
      <Filter>源文件\leetcode</Filter>
    </ClCompile>
    <ClCompile Include="Solution_647.cpp">
      <Filter>源文件\leetcode</Filter>
    </ClCompile>
    <ClCompile Include="Solution_376.cpp">
      <Filter>源文件\leetcode</Filter>
    </ClCompile>
    <ClCompile Include="Solution_377.cpp">
      <Filter>源文件\leetcode</Filter>
    </ClCompile>
    <ClCompile Include="Solution_378.cpp">
      <Filter>源文件\leetcode</Filter>
    </ClCompile>
    <ClCompile Include="Solution_382.cpp">
      <Filter>源文件\leetcode</Filter>
    </ClCompile>
    <ClCompile Include="Solution_383.cpp">
      <Filter>源文件\leetcode</Filter>
    </ClCompile>
    <ClCompile Include="Solution_437.cpp">
      <Filter>源文件\leetcode</Filter>
    </ClCompile>
    <ClCompile Include="Solution_543.cpp">
      <Filter>源文件\leetcode</Filter>
    </ClCompile>
    <ClCompile Include="Solution_617.cpp">
      <Filter>源文件\leetcode</Filter>
    </ClCompile>
    <ClCompile Include="Solution_739.cpp">
      <Filter>源文件\leetcode</Filter>
    </ClCompile>
    <ClCompile Include="Solution_494.cpp">
      <Filter>源文件\leetcode</Filter>
    </ClCompile>
    <ClCompile Include="Solution_387.cpp">
      <Filter>源文件\leetcode</Filter>
    </ClCompile>
    <ClCompile Include="Solution_406.cpp">
      <Filter>源文件\leetcode</Filter>
    </ClCompile>
    <ClCompile Include="Solution_412.cpp">
      <Filter>源文件\leetcode</Filter>
    </ClCompile>
    <ClCompile Include="Solution_416.cpp">
      <Filter>源文件\leetcode</Filter>
    </ClCompile>
    <ClCompile Include="Solution_438.cpp">
      <Filter>源文件\leetcode</Filter>
    </ClCompile>
    <ClCompile Include="Solution_454.cpp">
      <Filter>源文件\leetcode</Filter>
    </ClCompile>
    <ClCompile Include="Solution_81.cpp">
      <Filter>源文件\leetcode</Filter>
    </ClCompile>
    <ClCompile Include="Solution_224.cpp">
      <Filter>源文件\leetcode</Filter>
    </ClCompile>
    <ClCompile Include="Solution_227.cpp">
      <Filter>源文件\leetcode</Filter>
    </ClCompile>
    <ClCompile Include="Solution_327.cpp">
      <Filter>源文件\leetcode</Filter>
    </ClCompile>
    <ClCompile Include="Solution_386.cpp">
      <Filter>源文件\leetcode</Filter>
    </ClCompile>
    <ClCompile Include="Solution_389.cpp">
      <Filter>源文件\leetcode</Filter>
    </ClCompile>
    <ClCompile Include="Solution_395.cpp">
      <Filter>源文件\leetcode</Filter>
    </ClCompile>
    <ClCompile Include="Solution_392.cpp">
      <Filter>源文件\leetcode</Filter>
    </ClCompile>
    <ClCompile Include="Solution_393.cpp">
      <Filter>源文件\leetcode</Filter>
    </ClCompile>
    <ClCompile Include="Solution_396.cpp">
      <Filter>源文件\leetcode</Filter>
    </ClCompile>
    <ClCompile Include="Solution_397.cpp">
      <Filter>源文件\leetcode</Filter>
    </ClCompile>
    <ClCompile Include="Solution_398.cpp">
      <Filter>源文件\leetcode</Filter>
    </ClCompile>
    <ClCompile Include="Solution_399.cpp">
      <Filter>源文件\leetcode</Filter>
    </ClCompile>
    <ClCompile Include="Solution_401.cpp">
      <Filter>源文件\leetcode</Filter>
    </ClCompile>
    <ClCompile Include="Solution_402.cpp">
      <Filter>源文件\leetcode</Filter>
    </ClCompile>
    <ClCompile Include="Solution_404.cpp">
      <Filter>源文件\leetcode</Filter>
    </ClCompile>
    <ClCompile Include="Solution_405.cpp">
      <Filter>源文件\leetcode</Filter>
    </ClCompile>
    <ClCompile Include="Solution_409.cpp">
      <Filter>源文件\leetcode</Filter>
    </ClCompile>
    <ClCompile Include="Solution_413.cpp">
      <Filter>源文件\leetcode</Filter>
    </ClCompile>
    <ClCompile Include="Solution_415.cpp">
      <Filter>源文件\leetcode</Filter>
    </ClCompile>
    <ClCompile Include="Solution_430.cpp">
      <Filter>源文件\leetcode</Filter>
    </ClCompile>
    <ClCompile Include="Solution_417.cpp">
      <Filter>源文件\leetcode</Filter>
    </ClCompile>
    <ClCompile Include="Solution_473.cpp">
      <Filter>源文件\leetcode</Filter>
    </ClCompile>
    <ClCompile Include="Solution_491.cpp">
      <Filter>源文件\leetcode</Filter>
    </ClCompile>
    <ClCompile Include="Solution_513.cpp">
      <Filter>源文件\leetcode</Filter>
    </ClCompile>
    <ClCompile Include="Solution_515.cpp">
      <Filter>源文件\leetcode</Filter>
    </ClCompile>
    <ClCompile Include="Solution_542.cpp">
      <Filter>源文件\leetcode</Filter>
    </ClCompile>
    <ClCompile Include="Solution_547.cpp">
      <Filter>源文件\leetcode</Filter>
    </ClCompile>
    <ClCompile Include="Solution_576.cpp">
      <Filter>源文件\leetcode</Filter>
    </ClCompile>
    <ClCompile Include="Solution_559.cpp">
      <Filter>源文件\leetcode</Filter>
    </ClCompile>
    <ClCompile Include="Solution_993.cpp">
      <Filter>源文件\leetcode</Filter>
    </ClCompile>
    <ClCompile Include="Solution_638.cpp">
      <Filter>源文件\leetcode</Filter>
    </ClCompile>
    <ClCompile Include="Solution_690.cpp">
      <Filter>源文件\leetcode</Filter>
    </ClCompile>
    <ClCompile Include="Solution_695.cpp">
      <Filter>源文件\leetcode</Filter>
    </ClCompile>
    <ClCompile Include="Solution_698.cpp">
      <Filter>源文件\leetcode</Filter>
    </ClCompile>
    <ClCompile Include="Solution_721.cpp">
      <Filter>源文件\leetcode</Filter>
    </ClCompile>
    <ClCompile Include="Solution_733.cpp">
      <Filter>源文件\leetcode</Filter>
    </ClCompile>
    <ClCompile Include="Solution_743.cpp">
      <Filter>源文件\leetcode</Filter>
    </ClCompile>
    <ClCompile Include="Solution_785.cpp">
      <Filter>源文件\leetcode</Filter>
    </ClCompile>
    <ClCompile Include="Solution_756.cpp">
      <Filter>源文件\leetcode</Filter>
    </ClCompile>
    <ClCompile Include="Solution_802.cpp">
      <Filter>源文件\leetcode</Filter>
    </ClCompile>
    <ClCompile Include="Solution_841.cpp">
      <Filter>源文件\leetcode</Filter>
    </ClCompile>
    <ClCompile Include="Solution_863.cpp">
      <Filter>源文件\leetcode</Filter>
    </ClCompile>
    <ClCompile Include="Solution_872.cpp">
      <Filter>源文件\leetcode</Filter>
    </ClCompile>
    <ClCompile Include="Solution_886.cpp">
      <Filter>源文件\leetcode</Filter>
    </ClCompile>
    <ClCompile Include="Solution_897.cpp">
      <Filter>源文件\leetcode</Filter>
    </ClCompile>
    <ClCompile Include="Solution_934.cpp">
      <Filter>源文件\leetcode</Filter>
    </ClCompile>
    <ClCompile Include="Solution_959.cpp">
      <Filter>源文件\leetcode</Filter>
    </ClCompile>
    <ClCompile Include="Solution_971.cpp">
      <Filter>源文件\leetcode</Filter>
    </ClCompile>
    <ClCompile Include="Solution_979.cpp">
      <Filter>源文件\leetcode</Filter>
    </ClCompile>
    <ClCompile Include="Solution_988.cpp">
      <Filter>源文件\leetcode</Filter>
    </ClCompile>
    <ClCompile Include="Solution_1020.cpp">
      <Filter>源文件\leetcode</Filter>
    </ClCompile>
    <ClCompile Include="Solution_994.cpp">
      <Filter>源文件\leetcode</Filter>
    </ClCompile>
    <ClCompile Include="Solution_1026.cpp">
      <Filter>源文件\leetcode</Filter>
    </ClCompile>
    <ClCompile Include="Solution_429.cpp">
      <Filter>源文件\leetcode</Filter>
    </ClCompile>
    <ClCompile Include="Solution_752.cpp">
      <Filter>源文件\leetcode</Filter>
    </ClCompile>
    <ClCompile Include="Solution_787.cpp">
      <Filter>源文件\leetcode</Filter>
    </ClCompile>
    <ClCompile Include="Solution_1091.cpp">
      <Filter>源文件\leetcode</Filter>
    </ClCompile>
    <ClCompile Include="Solution_1129.cpp">
      <Filter>源文件\leetcode</Filter>
    </ClCompile>
    <ClCompile Include="Solution_1162.cpp">
      <Filter>源文件\leetcode</Filter>
    </ClCompile>
    <ClCompile Include="Solution_684.cpp">
      <Filter>源文件\leetcode</Filter>
    </ClCompile>
    <ClCompile Include="Solution_42.cpp">
      <Filter>源文件\leetcode</Filter>
    </ClCompile>
    <ClCompile Include="Solution_990.cpp">
      <Filter>源文件\leetcode</Filter>
    </ClCompile>
    <ClCompile Include="Solution_997.cpp">
      <Filter>源文件\leetcode</Filter>
    </ClCompile>
    <ClCompile Include="Solution_1042.cpp">
      <Filter>源文件\leetcode</Filter>
    </ClCompile>
    <ClCompile Include="Solution_1043.cpp">
      <Filter>源文件\leetcode</Filter>
    </ClCompile>
    <ClCompile Include="Solution_1161.cpp">
      <Filter>源文件\leetcode</Filter>
    </ClCompile>
    <ClCompile Include="Solution_23.cpp">
      <Filter>源文件\leetcode</Filter>
    </ClCompile>
    <ClCompile Include="Solution_25.cpp">
      <Filter>源文件\leetcode</Filter>
    </ClCompile>
    <ClCompile Include="Solution_41.cpp">
      <Filter>源文件\leetcode</Filter>
    </ClCompile>
    <ClCompile Include="Solution_312.cpp">
      <Filter>源文件\leetcode</Filter>
    </ClCompile>
    <ClCompile Include="Solution_301.cpp">
      <Filter>源文件\leetcode</Filter>
    </ClCompile>
    <ClCompile Include="Solution_297.cpp">
      <Filter>源文件\leetcode</Filter>
    </ClCompile>
    <ClCompile Include="Solution_239.cpp">
      <Filter>源文件\leetcode</Filter>
    </ClCompile>
    <ClCompile Include="Solution_128.cpp">
      <Filter>源文件\leetcode</Filter>
    </ClCompile>
    <ClCompile Include="Solution_124.cpp">
      <Filter>源文件\leetcode</Filter>
    </ClCompile>
    <ClCompile Include="Solution_85.cpp">
      <Filter>源文件\leetcode</Filter>
    </ClCompile>
    <ClCompile Include="Solution_84.cpp">
      <Filter>源文件\leetcode</Filter>
    </ClCompile>
    <ClCompile Include="Solution_76.cpp">
      <Filter>源文件\leetcode</Filter>
    </ClCompile>
    <ClCompile Include="Solution_32.cpp">
      <Filter>源文件\leetcode</Filter>
    </ClCompile>
    <ClCompile Include="Solution_1171.cpp">
      <Filter>源文件\leetcode</Filter>
    </ClCompile>
    <ClCompile Include="Solution_419.cpp">
      <Filter>源文件\leetcode</Filter>
    </ClCompile>
    <ClCompile Include="Solution_421.cpp">
      <Filter>源文件\leetcode</Filter>
    </ClCompile>
    <ClCompile Include="Solution_449.cpp">
      <Filter>源文件\leetcode</Filter>
    </ClCompile>
    <ClCompile Include="Solution_450.cpp">
      <Filter>源文件\leetcode</Filter>
    </ClCompile>
    <ClCompile Include="Solution_725.cpp">
      <Filter>源文件\leetcode</Filter>
    </ClCompile>
    <ClCompile Include="Solution_817.cpp">
      <Filter>源文件\leetcode</Filter>
    </ClCompile>
    <ClCompile Include="Solution_876.cpp">
      <Filter>源文件\leetcode</Filter>
    </ClCompile>
    <ClCompile Include="Solution_1019.cpp">
      <Filter>源文件\leetcode</Filter>
    </ClCompile>
    <ClCompile Include="Solution_501.cpp">
      <Filter>源文件\leetcode</Filter>
    </ClCompile>
    <ClCompile Include="Solution_508.cpp">
      <Filter>源文件\leetcode</Filter>
    </ClCompile>
    <ClCompile Include="Solution_538.cpp">
      <Filter>源文件\leetcode</Filter>
    </ClCompile>
    <ClCompile Include="Solution_530.cpp">
      <Filter>源文件\leetcode</Filter>
    </ClCompile>
    <ClCompile Include="Solution_563.cpp">
      <Filter>源文件\leetcode</Filter>
    </ClCompile>
    <ClCompile Include="Solution_572.cpp">
      <Filter>源文件\leetcode</Filter>
    </ClCompile>
    <ClCompile Include="Solution_589.cpp">
      <Filter>源文件\leetcode</Filter>
    </ClCompile>
    <ClCompile Include="Solution_623.cpp">
      <Filter>源文件\leetcode</Filter>
    </ClCompile>
    <ClCompile Include="Solution_919.cpp">
      <Filter>源文件\leetcode</Filter>
    </ClCompile>
    <ClCompile Include="Solution_606.cpp">
      <Filter>源文件\leetcode</Filter>
    </ClCompile>
    <ClCompile Include="Solution_637.cpp">
      <Filter>源文件\leetcode</Filter>
    </ClCompile>
    <ClCompile Include="Solution_652.cpp">
      <Filter>源文件\leetcode</Filter>
    </ClCompile>
    <ClCompile Include="Solution_653.cpp">
      <Filter>源文件\leetcode</Filter>
    </ClCompile>
    <ClCompile Include="Solution_654.cpp">
      <Filter>源文件\leetcode</Filter>
    </ClCompile>
    <ClCompile Include="Solution_662.cpp">
      <Filter>源文件\leetcode</Filter>
    </ClCompile>
    <ClCompile Include="Solution_669.cpp">
      <Filter>源文件\leetcode</Filter>
    </ClCompile>
    <ClCompile Include="Solution_671.cpp">
      <Filter>源文件\leetcode</Filter>
    </ClCompile>
    <ClCompile Include="Solution_687.cpp">
      <Filter>源文件\leetcode</Filter>
    </ClCompile>
    <ClCompile Include="Solution_700.cpp">
      <Filter>源文件\leetcode</Filter>
    </ClCompile>
    <ClCompile Include="Solution_701.cpp">
      <Filter>源文件\leetcode</Filter>
    </ClCompile>
    <ClCompile Include="Solution_783.cpp">
      <Filter>源文件\leetcode</Filter>
    </ClCompile>
    <ClCompile Include="Solution_814.cpp">
      <Filter>源文件\leetcode</Filter>
    </ClCompile>
    <ClCompile Include="Solution_865.cpp">
      <Filter>源文件\leetcode</Filter>
    </ClCompile>
    <ClCompile Include="Solution_889.cpp">
      <Filter>源文件\leetcode</Filter>
    </ClCompile>
    <ClCompile Include="Solution_894.cpp">
      <Filter>源文件\leetcode</Filter>
    </ClCompile>
    <ClCompile Include="KMP.cpp">
      <Filter>源文件\algorithm_4_th</Filter>
    </ClCompile>
    <ClCompile Include="max_queue.cpp">
      <Filter>源文件\剑指offer</Filter>
    </ClCompile>
    <ClCompile Include="sum_Probability.cpp">
      <Filter>源文件\剑指offer</Filter>
    </ClCompile>
    <ClCompile Include="last_number_in_cycle.cpp">
      <Filter>源文件\剑指offer</Filter>
    </ClCompile>
    <ClCompile Include="n_th_number.cpp">
      <Filter>源文件\剑指offer</Filter>
    </ClCompile>
    <ClCompile Include="roate_string.cpp">
      <Filter>源文件\剑指offer</Filter>
    </ClCompile>
    <ClCompile Include="three_trip_one.cpp">
      <Filter>源文件\剑指offer</Filter>
    </ClCompile>
    <ClCompile Include="和为s的连续正整数序列.cpp">
      <Filter>源文件\剑指offer</Filter>
    </ClCompile>
    <ClCompile Include="扑克牌.cpp">
      <Filter>源文件\剑指offer</Filter>
    </ClCompile>
    <ClCompile Include="出栈的所有可能性.cpp">
      <Filter>源文件\剑指offer</Filter>
    </ClCompile>
    <ClCompile Include="轮盘赌.cpp">
      <Filter>源文件\剑指offer</Filter>
    </ClCompile>
    <ClCompile Include="洗牌算法.cpp">
      <Filter>源文件\剑指offer</Filter>
    </ClCompile>
    <ClCompile Include="Solution_716.cpp">
      <Filter>源文件\leetcode</Filter>
    </ClCompile>
    <ClCompile Include="Solution_10.cpp">
      <Filter>源文件\leetcode</Filter>
    </ClCompile>
    <ClCompile Include="Solution_29.cpp">
      <Filter>源文件\leetcode</Filter>
    </ClCompile>
    <ClCompile Include="Solution_44.cpp">
      <Filter>源文件\leetcode</Filter>
    </ClCompile>
    <ClCompile Include="Solution_51.cpp">
      <Filter>源文件\leetcode</Filter>
    </ClCompile>
    <ClCompile Include="Solution_87.cpp">
      <Filter>源文件\leetcode</Filter>
    </ClCompile>
    <ClCompile Include="Solution_97.cpp">
      <Filter>源文件\leetcode</Filter>
    </ClCompile>
    <ClCompile Include="Solution_115.cpp">
      <Filter>源文件\leetcode</Filter>
    </ClCompile>
    <ClCompile Include="Solution_123.cpp">
      <Filter>源文件\leetcode</Filter>
    </ClCompile>
    <ClCompile Include="Solution_137.cpp">
      <Filter>源文件\leetcode</Filter>
    </ClCompile>
    <ClCompile Include="Solution_1376.cpp">
      <Filter>源文件\leetcode</Filter>
    </ClCompile>
    <ClCompile Include="Solution_1375.cpp">
      <Filter>源文件\leetcode</Filter>
    </ClCompile>
    <ClCompile Include="Solution_1372.cpp">
      <Filter>源文件\leetcode</Filter>
    </ClCompile>
    <ClCompile Include="Solution_1367.cpp">
      <Filter>源文件\leetcode</Filter>
    </ClCompile>
    <ClCompile Include="Solution_1370.cpp">
      <Filter>源文件\leetcode</Filter>
    </ClCompile>
    <ClCompile Include="Solution_1353.cpp">
      <Filter>源文件\leetcode</Filter>
    </ClCompile>
    <ClCompile Include="Solution_1352.cpp">
      <Filter>源文件\leetcode</Filter>
    </ClCompile>
    <ClCompile Include="Solution_1351.cpp">
      <Filter>源文件\leetcode</Filter>
    </ClCompile>
    <ClCompile Include="Solution_1305.cpp">
      <Filter>源文件\leetcode</Filter>
    </ClCompile>
    <ClCompile Include="Solution_1202.cpp">
      <Filter>源文件\leetcode</Filter>
    </ClCompile>
    <ClCompile Include="Solution_1143.cpp">
      <Filter>源文件\leetcode</Filter>
    </ClCompile>
    <ClCompile Include="Solution_1103.cpp">
      <Filter>源文件\leetcode</Filter>
    </ClCompile>
    <ClCompile Include="Solution_1095.cpp">
      <Filter>源文件\leetcode</Filter>
    </ClCompile>
    <ClCompile Include="Solution_1081.cpp">
      <Filter>源文件\leetcode</Filter>
    </ClCompile>
    <ClCompile Include="Solution_958.cpp">
      <Filter>源文件\leetcode</Filter>
    </ClCompile>
    <ClCompile Include="Solution_862.cpp">
      <Filter>源文件\leetcode</Filter>
    </ClCompile>
    <ClCompile Include="Solution_714.cpp">
      <Filter>源文件\leetcode</Filter>
    </ClCompile>
    <ClCompile Include="Solution_678.cpp">
      <Filter>源文件\leetcode</Filter>
    </ClCompile>
    <ClCompile Include="Solution_670.cpp">
      <Filter>源文件\leetcode</Filter>
    </ClCompile>
    <ClCompile Include="Solution_557.cpp">
      <Filter>源文件\leetcode</Filter>
    </ClCompile>
    <ClCompile Include="Solution_536.cpp">
      <Filter>源文件\leetcode</Filter>
    </ClCompile>
    <ClCompile Include="Solution_526.cpp">
      <Filter>源文件\leetcode</Filter>
    </ClCompile>
    <ClCompile Include="Solution_521.cpp">
      <Filter>源文件\leetcode</Filter>
    </ClCompile>
    <ClCompile Include="Solution_518.cpp">
      <Filter>源文件\leetcode</Filter>
    </ClCompile>
    <ClCompile Include="Solution_509.cpp">
      <Filter>源文件\leetcode</Filter>
    </ClCompile>
    <ClCompile Include="Solution_504.cpp">
      <Filter>源文件\leetcode</Filter>
    </ClCompile>
    <ClCompile Include="Solution_477.cpp">
      <Filter>源文件\leetcode</Filter>
    </ClCompile>
    <ClCompile Include="Solution_482.cpp">
      <Filter>源文件\leetcode</Filter>
    </ClCompile>
    <ClCompile Include="Solution_492.cpp">
      <Filter>源文件\leetcode</Filter>
    </ClCompile>
    <ClCompile Include="Solution_496.cpp">
      <Filter>源文件\leetcode</Filter>
    </ClCompile>
    <ClCompile Include="Solution_498.cpp">
      <Filter>源文件\leetcode</Filter>
    </ClCompile>
    <ClCompile Include="Solution_502.cpp">
      <Filter>源文件\leetcode</Filter>
    </ClCompile>
    <ClCompile Include="Solution_440.cpp">
      <Filter>源文件\leetcode</Filter>
    </ClCompile>
    <ClCompile Include="Solution_445.cpp">
      <Filter>源文件\leetcode</Filter>
    </ClCompile>
    <ClCompile Include="Solution_453.cpp">
      <Filter>源文件\leetcode</Filter>
    </ClCompile>
    <ClCompile Include="Solution_460.cpp">
      <Filter>源文件\leetcode</Filter>
    </ClCompile>
    <ClCompile Include="Solution_463.cpp">
      <Filter>源文件\leetcode</Filter>
    </ClCompile>
    <ClCompile Include="Solution_467.cpp">
      <Filter>源文件\leetcode</Filter>
    </ClCompile>
    <ClCompile Include="Solution_470.cpp">
      <Filter>源文件\leetcode</Filter>
    </ClCompile>
    <ClCompile Include="Solution_447.cpp">
      <Filter>源文件\leetcode</Filter>
    </ClCompile>
    <ClCompile Include="Solution_451.cpp">
      <Filter>源文件\leetcode</Filter>
    </ClCompile>
    <ClCompile Include="Solution_434.cpp">
      <Filter>源文件\leetcode</Filter>
    </ClCompile>
    <ClCompile Include="Solution_441.cpp">
      <Filter>源文件\leetcode</Filter>
    </ClCompile>
    <ClCompile Include="Solution_188.cpp">
      <Filter>源文件\leetcode</Filter>
    </ClCompile>
    <ClCompile Include="Solution_214.cpp">
      <Filter>源文件\leetcode</Filter>
    </ClCompile>
    <ClCompile Include="Solution_218.cpp">
      <Filter>源文件\leetcode</Filter>
    </ClCompile>
    <ClCompile Include="Solution_295.cpp">
      <Filter>源文件\leetcode</Filter>
    </ClCompile>
    <ClCompile Include="Solution_315.cpp">
      <Filter>源文件\leetcode</Filter>
    </ClCompile>
    <ClCompile Include="Solution_321.cpp">
      <Filter>源文件\leetcode</Filter>
    </ClCompile>
    <ClCompile Include="Solution_329.cpp">
      <Filter>源文件\leetcode</Filter>
    </ClCompile>
    <ClCompile Include="Solution_336.cpp">
      <Filter>源文件\leetcode</Filter>
    </ClCompile>
    <ClCompile Include="Solution_354.cpp">
      <Filter>源文件\leetcode</Filter>
    </ClCompile>
    <ClCompile Include="Solution_365.cpp">
      <Filter>源文件\leetcode</Filter>
    </ClCompile>
    <ClCompile Include="Solution_375.cpp">
      <Filter>源文件\leetcode</Filter>
    </ClCompile>
    <ClCompile Include="Solution_381.cpp">
      <Filter>源文件\leetcode</Filter>
    </ClCompile>
    <ClCompile Include="Solution_400.cpp">
      <Filter>源文件\leetcode</Filter>
    </ClCompile>
    <ClCompile Include="Solution_403.cpp">
      <Filter>源文件\leetcode</Filter>
    </ClCompile>
    <ClCompile Include="Solution_410.cpp">
      <Filter>源文件\leetcode</Filter>
    </ClCompile>
    <ClCompile Include="Solution_45.cpp">
      <Filter>源文件\leetcode</Filter>
    </ClCompile>
    <ClCompile Include="Solution_89.cpp">
      <Filter>源文件\leetcode</Filter>
    </ClCompile>
    <ClCompile Include="Solution_126.cpp">
      <Filter>源文件\leetcode</Filter>
    </ClCompile>
    <ClCompile Include="Solution_135.cpp">
      <Filter>源文件\leetcode</Filter>
    </ClCompile>
    <ClCompile Include="Solution_149.cpp">
      <Filter>源文件\leetcode</Filter>
    </ClCompile>
    <ClCompile Include="Solution_154.cpp">
      <Filter>源文件\leetcode</Filter>
    </ClCompile>
    <ClCompile Include="Solution_174.cpp">
      <Filter>源文件\leetcode</Filter>
    </ClCompile>
    <ClCompile Include="Solution_4.cpp">
      <Filter>源文件\leetcode</Filter>
    </ClCompile>
    <ClCompile Include="Solution_37.cpp">
      <Filter>源文件\leetcode</Filter>
    </ClCompile>
    <ClCompile Include="Solution_52.cpp">
      <Filter>源文件\leetcode</Filter>
    </ClCompile>
    <ClCompile Include="Solution_57.cpp">
      <Filter>源文件\leetcode</Filter>
    </ClCompile>
    <ClCompile Include="Solution_93.cpp">
      <Filter>源文件\leetcode</Filter>
    </ClCompile>
    <ClCompile Include="Solution_99.cpp">
      <Filter>源文件\leetcode</Filter>
    </ClCompile>
    <ClCompile Include="Solution_132.cpp">
      <Filter>源文件\leetcode</Filter>
    </ClCompile>
    <ClCompile Include="Solution_212.cpp">
      <Filter>源文件\leetcode</Filter>
    </ClCompile>
    <ClCompile Include="Solution_140.cpp">
      <Filter>源文件\leetcode</Filter>
    </ClCompile>
    <ClCompile Include="Solution_164.cpp">
      <Filter>源文件\leetcode</Filter>
    </ClCompile>
    <ClCompile Include="Solution_233.cpp">
      <Filter>源文件\leetcode</Filter>
    </ClCompile>
    <ClCompile Include="Solution_316.cpp">
      <Filter>源文件\leetcode</Filter>
    </ClCompile>
    <ClCompile Include="Solution_330.cpp">
      <Filter>源文件\leetcode</Filter>
    </ClCompile>
    <ClCompile Include="Solution_363.cpp">
      <Filter>源文件\leetcode</Filter>
    </ClCompile>
    <ClCompile Include="Solution_388.cpp">
      <Filter>源文件\leetcode</Filter>
    </ClCompile>
    <ClCompile Include="Solution_435.cpp">
      <Filter>源文件\leetcode</Filter>
    </ClCompile>
    <ClCompile Include="Solution_455.cpp">
      <Filter>源文件\leetcode</Filter>
    </ClCompile>
    <ClCompile Include="Solution_464.cpp">
      <Filter>源文件\leetcode</Filter>
    </ClCompile>
    <ClCompile Include="Solution_474.cpp">
      <Filter>源文件\leetcode</Filter>
    </ClCompile>
    <ClCompile Include="Solution_480.cpp">
      <Filter>源文件\leetcode</Filter>
    </ClCompile>
    <ClCompile Include="Solution_500.cpp">
      <Filter>源文件\leetcode</Filter>
    </ClCompile>
    <ClCompile Include="Solution_506.cpp">
      <Filter>源文件\leetcode</Filter>
    </ClCompile>
    <ClCompile Include="Solution_514.cpp">
      <Filter>源文件\leetcode</Filter>
    </ClCompile>
    <ClCompile Include="Solution_520.cpp">
      <Filter>源文件\leetcode</Filter>
    </ClCompile>
    <ClCompile Include="Solution_525.cpp">
      <Filter>源文件\leetcode</Filter>
    </ClCompile>
    <ClCompile Include="Solution_535.cpp">
      <Filter>源文件\leetcode</Filter>
    </ClCompile>
    <ClCompile Include="Solution_528.cpp">
      <Filter>源文件\leetcode</Filter>
    </ClCompile>
    <ClCompile Include="Solution_529.cpp">
      <Filter>源文件\leetcode</Filter>
    </ClCompile>
    <ClCompile Include="Solution_556.cpp">
      <Filter>源文件\leetcode</Filter>
    </ClCompile>
    <ClCompile Include="Solution_692.cpp">
      <Filter>源文件\leetcode</Filter>
    </ClCompile>
    <ClCompile Include="Solution_860.cpp">
      <Filter>源文件\leetcode</Filter>
    </ClCompile>
    <ClCompile Include="Solution_1092.cpp">
      <Filter>源文件\leetcode</Filter>
    </ClCompile>
    <ClCompile Include="Solution_946.cpp">
      <Filter>源文件\leetcode</Filter>
    </ClCompile>
    <ClCompile Include="Solution_674.cpp">
      <Filter>源文件\leetcode</Filter>
    </ClCompile>
    <ClCompile Include="Solution_522.cpp">
      <Filter>源文件\leetcode</Filter>
    </ClCompile>
    <ClCompile Include="Solution_523.cpp">
      <Filter>源文件\leetcode</Filter>
    </ClCompile>
    <ClCompile Include="Solution_516.cpp">
      <Filter>源文件\leetcode</Filter>
    </ClCompile>
    <ClCompile Include="Solution_507.cpp">
      <Filter>源文件\leetcode</Filter>
    </ClCompile>
    <ClCompile Include="Solution_503.cpp">
      <Filter>源文件\leetcode</Filter>
    </ClCompile>
    <ClCompile Include="Solution_493.cpp">
      <Filter>源文件\leetcode</Filter>
    </ClCompile>
    <ClCompile Include="Solution_486.cpp">
      <Filter>源文件\leetcode</Filter>
    </ClCompile>
    <ClCompile Include="Solution_475.cpp">
      <Filter>源文件\leetcode</Filter>
    </ClCompile>
    <ClCompile Include="Solution_476.cpp">
      <Filter>源文件\leetcode</Filter>
    </ClCompile>
    <ClCompile Include="Solution_478.cpp">
      <Filter>源文件\leetcode</Filter>
    </ClCompile>
    <ClCompile Include="Solution_468.cpp">
      <Filter>源文件\leetcode</Filter>
    </ClCompile>
    <ClCompile Include="Solution_436.cpp">
      <Filter>源文件\leetcode</Filter>
    </ClCompile>
    <ClCompile Include="Solution_452.cpp">
      <Filter>源文件\leetcode</Filter>
    </ClCompile>
    <ClCompile Include="Solution_443.cpp">
      <Filter>源文件\leetcode</Filter>
    </ClCompile>
    <ClCompile Include="Solution_459.cpp">
      <Filter>源文件\leetcode</Filter>
    </ClCompile>
    <ClCompile Include="Solution_462.cpp">
      <Filter>源文件\leetcode</Filter>
    </ClCompile>
    <ClCompile Include="Solution_456.cpp">
      <Filter>源文件\leetcode</Filter>
    </ClCompile>
    <ClCompile Include="Solution_433.cpp">
      <Filter>源文件\leetcode</Filter>
    </ClCompile>
    <ClCompile Include="Solution_554.cpp">
      <Filter>源文件</Filter>
    </ClCompile>
    <ClCompile Include="只用递归函数逆序一个栈.cpp">
      <Filter>源文件\代码面试指南</Filter>
    </ClCompile>
    <ClCompile Include="用一个栈实现另一个栈的排序.cpp">
      <Filter>源文件\代码面试指南</Filter>
    </ClCompile>
    <ClCompile Include="源.cpp">
      <Filter>源文件</Filter>
    </ClCompile>
    <ClCompile Include="数组的最大二树.cpp">
      <Filter>源文件\代码面试指南</Filter>
    </ClCompile>
    <ClCompile Include="最大值减去最小值小于或等于num的子数组数量.cpp">
      <Filter>源文件\代码面试指南</Filter>
    </ClCompile>
    <ClCompile Include="Solution_1432.cpp">
      <Filter>源文件</Filter>
    </ClCompile>
    <ClCompile Include="Solution_1377.cpp">
      <Filter>源文件</Filter>
    </ClCompile>
    <ClCompile Include="Solution_1374.cpp">
      <Filter>源文件</Filter>
    </ClCompile>
    <ClCompile Include="n个骰子的点数.cpp">
      <Filter>源文件\剑指offer</Filter>
    </ClCompile>
    <ClCompile Include="二叉树的下一个节点.cpp">
      <Filter>源文件\剑指offer</Filter>
    </ClCompile>
    <ClCompile Include="单例模式.cpp">
      <Filter>源文件</Filter>
    </ClCompile>
    <ClCompile Include="Solution_827.cpp">
      <Filter>源文件</Filter>
    </ClCompile>
    <ClCompile Include="Solution_918.cpp">
      <Filter>源文件</Filter>
    </ClCompile>
    <ClCompile Include="Solution_622.cpp">
      <Filter>源文件</Filter>
    </ClCompile>
    <ClCompile Include="Solution_679.cpp">
      <Filter>源文件</Filter>
    </ClCompile>
    <ClCompile Include="Solution_1504.cpp">
      <Filter>源文件</Filter>
    </ClCompile>
    <ClCompile Include="单调栈_高楼个数.cpp">
      <Filter>源文件</Filter>
    </ClCompile>
    <ClCompile Include="Solution_30.cpp">
      <Filter>源文件</Filter>
    </ClCompile>
    <ClCompile Include="Solution_575.cpp">
      <Filter>源文件</Filter>
    </ClCompile>
    <ClCompile Include="Solution_594.cpp">
      <Filter>源文件</Filter>
    </ClCompile>
    <ClCompile Include="Solution_599.cpp">
      <Filter>源文件</Filter>
    </ClCompile>
    <ClCompile Include="Solution_609.cpp">
      <Filter>源文件</Filter>
    </ClCompile>
    <ClCompile Include="Solution_632.cpp">
      <Filter>源文件</Filter>
    </ClCompile>
    <ClCompile Include="Solution_645.cpp">
      <Filter>源文件</Filter>
    </ClCompile>
    <ClCompile Include="Solution_648.cpp">
      <Filter>源文件</Filter>
    </ClCompile>
    <ClCompile Include="Solution_676.cpp">
      <Filter>源文件</Filter>
    </ClCompile>
    <ClCompile Include="Solution_705.cpp">
      <Filter>源文件</Filter>
    </ClCompile>
    <ClCompile Include="Solution_718.cpp">
      <Filter>源文件</Filter>
    </ClCompile>
    <ClCompile Include="Solution_938.cpp">
      <Filter>源文件</Filter>
    </ClCompile>
    <ClCompile Include="Solution_951.cpp">
      <Filter>源文件</Filter>
    </ClCompile>
    <ClCompile Include="Solution_965.cpp">
      <Filter>源文件</Filter>
    </ClCompile>
    <ClCompile Include="Solution_385.cpp">
      <Filter>源文件</Filter>
    </ClCompile>
    <ClCompile Include="0-n-1中缺失的数字.cpp">
      <Filter>源文件\剑指offer</Filter>
    </ClCompile>
    <ClCompile Include="Solution_778.cpp">
      <Filter>源文件</Filter>
    </ClCompile>
    <ClCompile Include="Solution_668.cpp">
      <Filter>源文件</Filter>
    </ClCompile>
    <ClCompile Include="LCP_19.cpp">
      <Filter>源文件</Filter>
    </ClCompile>
    <ClCompile Include="Solution_878.cpp">
      <Filter>源文件</Filter>
    </ClCompile>
    <ClCompile Include="Solution_1590.cpp">
      <Filter>源文件</Filter>
    </ClCompile>
    <ClCompile Include="Solution_974.cpp">
      <Filter>源文件</Filter>
    </ClCompile>
    <ClCompile Include="Solution_1011.cpp">
      <Filter>源文件</Filter>
    </ClCompile>
    <ClCompile Include="Solution_875.cpp">
      <Filter>源文件</Filter>
    </ClCompile>
    <ClCompile Include="Solution_1552.cpp">
      <Filter>源文件</Filter>
    </ClCompile>
    <ClCompile Include="Solution_1482.cpp">
      <Filter>源文件</Filter>
    </ClCompile>
    <ClCompile Include="Solution_1292.cpp">
      <Filter>源文件</Filter>
    </ClCompile>
    <ClCompile Include="Solution_1237.cpp">
      <Filter>源文件</Filter>
    </ClCompile>
    <ClCompile Include="Solution_1300.cpp">
      <Filter>源文件</Filter>
    </ClCompile>
    <ClCompile Include="Solution_658.cpp">
      <Filter>源文件</Filter>
    </ClCompile>
    <ClCompile Include="Solution_1337.cpp">
      <Filter>源文件</Filter>
    </ClCompile>
    <ClCompile Include="Solution_1201.cpp">
      <Filter>源文件</Filter>
    </ClCompile>
    <ClCompile Include="Solution_1283.cpp">
      <Filter>源文件</Filter>
    </ClCompile>
    <ClCompile Include="Solution_552.cpp">
      <Filter>源文件</Filter>
    </ClCompile>
    <ClCompile Include="Solution_998.cpp">
      <Filter>源文件</Filter>
    </ClCompile>
    <ClCompile Include="Solution_1530.cpp">
      <Filter>源文件</Filter>
    </ClCompile>
    <ClCompile Include="Solution_1022.cpp">
      <Filter>源文件</Filter>
    </ClCompile>
    <ClCompile Include="Solution_1110.cpp">
      <Filter>源文件</Filter>
    </ClCompile>
  </ItemGroup>
  <ItemGroup>
    <ClInclude Include="ListNode.h">
      <Filter>头文件</Filter>
    </ClInclude>
    <ClInclude Include="TreeNode.h">
      <Filter>头文件</Filter>
    </ClInclude>
    <ClInclude Include="Node.h">
      <Filter>头文件</Filter>
    </ClInclude>
    <ClInclude Include="IndexMinPQ.h">
      <Filter>源文件\algorithm_4_th</Filter>
    </ClInclude>
    <ClInclude Include="Graph.h">
      <Filter>头文件</Filter>
    </ClInclude>
  </ItemGroup>
</Project>