<?xml version="1.0" encoding="utf-8"?>
<Project ToolsVersion="4.0" xmlns="http://schemas.microsoft.com/developer/msbuild/2003">
  <ItemGroup>
    <Filter Include="源文件">
      <UniqueIdentifier>{4FC737F1-C7A5-4376-A066-2A32D752A2FF}</UniqueIdentifier>
      <Extensions>cpp;c;cc;cxx;def;odl;idl;hpj;bat;asm;asmx</Extensions>
    </Filter>
    <Filter Include="头文件">
      <UniqueIdentifier>{93995380-89BD-4b04-88EB-625FBE52EBFB}</UniqueIdentifier>
      <Extensions>h;hh;hpp;hxx;hm;inl;inc;xsd</Extensions>
    </Filter>
    <Filter Include="资源文件">
      <UniqueIdentifier>{67DA6AB6-F800-4c08-8B7A-83BB121AAD01}</UniqueIdentifier>
      <Extensions>rc;ico;cur;bmp;dlg;rc2;rct;bin;rgs;gif;jpg;jpeg;jpe;resx;tiff;tif;png;wav;mfcribbon-ms</Extensions>
    </Filter>
    <Filter Include="源文件\NewFilter1">
      <UniqueIdentifier>{2cef2709-2fff-4a31-b9ab-fe540ad3bb9e}</UniqueIdentifier>
    </Filter>
  </ItemGroup>
  <ItemGroup>
    <ClCompile Include="Solution_3.cpp">
      <Filter>源文件\NewFilter1</Filter>
    </ClCompile>
    <ClCompile Include="Solution_11.cpp">
      <Filter>源文件\NewFilter1</Filter>
    </ClCompile>
    <ClCompile Include="Solution_16.cpp">
      <Filter>源文件\NewFilter1</Filter>
    </ClCompile>
    <ClCompile Include="Solution_28.cpp">
      <Filter>源文件\NewFilter1</Filter>
    </ClCompile>
    <ClCompile Include="Solution_283.cpp">
      <Filter>源文件\NewFilter1</Filter>
    </ClCompile>
    <ClCompile Include="Solution_15.cpp">
      <Filter>源文件\NewFilter1</Filter>
    </ClCompile>
    <ClCompile Include="Solution_18.cpp">
      <Filter>源文件\NewFilter1</Filter>
    </ClCompile>
    <ClCompile Include="Solution_19.cpp">
      <Filter>源文件\NewFilter1</Filter>
    </ClCompile>
    <ClCompile Include="Solution_26.cpp">
      <Filter>源文件\NewFilter1</Filter>
    </ClCompile>
    <ClCompile Include="Solution_61.cpp">
      <Filter>源文件\NewFilter1</Filter>
    </ClCompile>
    <ClCompile Include="Solution_27.cpp">
      <Filter>源文件\NewFilter1</Filter>
    </ClCompile>
    <ClCompile Include="Solution_75.cpp">
      <Filter>源文件\NewFilter1</Filter>
    </ClCompile>
    <ClCompile Include="Solution_86.cpp">
      <Filter>源文件\NewFilter1</Filter>
    </ClCompile>
    <ClCompile Include="Solution_80.cpp">
      <Filter>源文件\NewFilter1</Filter>
    </ClCompile>
    <ClCompile Include="Solution_88.cpp">
      <Filter>源文件\NewFilter1</Filter>
    </ClCompile>
    <ClCompile Include="Solution_125.cpp">
      <Filter>源文件\NewFilter1</Filter>
    </ClCompile>
    <ClCompile Include="Solution_142.cpp">
      <Filter>源文件\NewFilter1</Filter>
    </ClCompile>
    <ClCompile Include="Solution_141.cpp">
      <Filter>源文件\NewFilter1</Filter>
    </ClCompile>
    <ClCompile Include="Solution_167.cpp">
      <Filter>源文件\NewFilter1</Filter>
    </ClCompile>
    <ClCompile Include="Solution_209.cpp">
      <Filter>源文件\NewFilter1</Filter>
    </ClCompile>
    <ClCompile Include="Solution_234.cpp">
      <Filter>源文件\NewFilter1</Filter>
    </ClCompile>
    <ClCompile Include="Solution_287.cpp">
      <Filter>源文件\NewFilter1</Filter>
    </ClCompile>
    <ClCompile Include="Solution_345.cpp">
      <Filter>源文件\NewFilter1</Filter>
    </ClCompile>
    <ClCompile Include="Solution_424.cpp">
      <Filter>源文件\NewFilter1</Filter>
    </ClCompile>
    <ClCompile Include="Solution_532.cpp">
      <Filter>源文件\NewFilter1</Filter>
    </ClCompile>
    <ClCompile Include="Solution_838.cpp">
      <Filter>源文件\NewFilter1</Filter>
    </ClCompile>
    <ClCompile Include="Solution_977.cpp">
      <Filter>源文件\NewFilter1</Filter>
    </ClCompile>
    <ClCompile Include="Solution_925.cpp">
      <Filter>源文件\NewFilter1</Filter>
    </ClCompile>
    <ClCompile Include="Solution_844.cpp">
      <Filter>源文件\NewFilter1</Filter>
    </ClCompile>
    <ClCompile Include="Solution_763.cpp">
      <Filter>源文件\NewFilter1</Filter>
    </ClCompile>
    <ClCompile Include="Solution_713.cpp">
      <Filter>源文件\NewFilter1</Filter>
    </ClCompile>
    <ClCompile Include="Solution_567.cpp">
      <Filter>源文件\NewFilter1</Filter>
    </ClCompile>
    <ClCompile Include="Solution_524.cpp">
      <Filter>源文件\NewFilter1</Filter>
    </ClCompile>
    <ClCompile Include="Solution_457.cpp">
      <Filter>源文件\NewFilter1</Filter>
    </ClCompile>
    <ClCompile Include="Solution_350.cpp">
      <Filter>源文件\NewFilter1</Filter>
    </ClCompile>
    <ClCompile Include="Solution_349.cpp">
      <Filter>源文件\NewFilter1</Filter>
    </ClCompile>
    <ClCompile Include="Solution_344.cpp">
      <Filter>源文件\NewFilter1</Filter>
    </ClCompile>
    <ClCompile Include="Solution_930.cpp">
      <Filter>源文件\NewFilter1</Filter>
    </ClCompile>
    <ClCompile Include="Solution_845.cpp">
      <Filter>源文件\NewFilter1</Filter>
    </ClCompile>
    <ClCompile Include="Solution_881.cpp">
      <Filter>源文件\NewFilter1</Filter>
    </ClCompile>
    <ClCompile Include="Solution_923.cpp">
      <Filter>源文件\NewFilter1</Filter>
    </ClCompile>
    <ClCompile Include="Solution_986.cpp">
      <Filter>源文件\NewFilter1</Filter>
    </ClCompile>
    <ClCompile Include="Solution_1004.cpp">
      <Filter>源文件\NewFilter1</Filter>
    </ClCompile>
    <ClCompile Include="Solution_1.cpp">
      <Filter>源文件\NewFilter1</Filter>
    </ClCompile>
    <ClCompile Include="Solution_978.cpp">
      <Filter>源文件\NewFilter1</Filter>
    </ClCompile>
    <ClCompile Include="Solution_33.cpp">
      <Filter>源文件\NewFilter1</Filter>
    </ClCompile>
    <ClCompile Include="Solution_31.cpp">
      <Filter>源文件\NewFilter1</Filter>
    </ClCompile>
    <ClCompile Include="Solution_1052.cpp">
      <Filter>源文件\NewFilter1</Filter>
    </ClCompile>
    <ClCompile Include="Solution_1093.cpp">
      <Filter>源文件\NewFilter1</Filter>
    </ClCompile>
    <ClCompile Include="Solution_1176.cpp">
      <Filter>源文件\NewFilter1</Filter>
    </ClCompile>
    <ClCompile Include="Solution_34.cpp">
      <Filter>源文件\NewFilter1</Filter>
    </ClCompile>
    <ClCompile Include="Solution_35.cpp">
      <Filter>源文件\NewFilter1</Filter>
    </ClCompile>
    <ClCompile Include="Solution_48.cpp">
      <Filter>源文件\NewFilter1</Filter>
    </ClCompile>
    <ClCompile Include="Solution_53.cpp">
      <Filter>源文件\NewFilter1</Filter>
    </ClCompile>
    <ClCompile Include="Solution_40.cpp">
      <Filter>源文件\NewFilter1</Filter>
    </ClCompile>
    <ClCompile Include="Solution_54.cpp">
      <Filter>源文件\NewFilter1</Filter>
    </ClCompile>
    <ClCompile Include="Solution_39.cpp">
      <Filter>源文件\NewFilter1</Filter>
    </ClCompile>
    <ClCompile Include="Solution_55.cpp">
      <Filter>源文件\NewFilter1</Filter>
    </ClCompile>
    <ClCompile Include="Solution_56.cpp">
      <Filter>源文件\NewFilter1</Filter>
    </ClCompile>
    <ClCompile Include="Solution_62.cpp">
      <Filter>源文件\NewFilter1</Filter>
    </ClCompile>
    <ClCompile Include="Solution_64.cpp">
      <Filter>源文件\NewFilter1</Filter>
    </ClCompile>
    <ClCompile Include="Solution_66.cpp">
      <Filter>源文件\NewFilter1</Filter>
    </ClCompile>
    <ClCompile Include="Solution_73.cpp">
      <Filter>源文件\NewFilter1</Filter>
    </ClCompile>
    <ClCompile Include="Solution_59.cpp">
      <Filter>源文件\NewFilter1</Filter>
    </ClCompile>
    <ClCompile Include="Solution_63.cpp">
      <Filter>源文件\NewFilter1</Filter>
    </ClCompile>
    <ClCompile Include="Solution_74.cpp">
      <Filter>源文件\NewFilter1</Filter>
    </ClCompile>
    <ClCompile Include="Solution_78.cpp">
      <Filter>源文件\NewFilter1</Filter>
    </ClCompile>
    <ClCompile Include="Solution_79.cpp">
      <Filter>源文件\NewFilter1</Filter>
    </ClCompile>
    <ClCompile Include="Solution_90.cpp">
      <Filter>源文件\NewFilter1</Filter>
    </ClCompile>
    <ClCompile Include="Solution_105.cpp">
      <Filter>源文件\NewFilter1</Filter>
    </ClCompile>
    <ClCompile Include="Solution_106.cpp">
      <Filter>源文件\NewFilter1</Filter>
    </ClCompile>
    <ClCompile Include="Solution_118.cpp">
      <Filter>源文件\NewFilter1</Filter>
    </ClCompile>
    <ClCompile Include="Solution_152.cpp">
      <Filter>源文件\NewFilter1</Filter>
    </ClCompile>
    <ClCompile Include="Solution_119.cpp">
      <Filter>源文件\NewFilter1</Filter>
    </ClCompile>
    <ClCompile Include="Solution_153.cpp">
      <Filter>源文件\NewFilter1</Filter>
    </ClCompile>
    <ClCompile Include="Solution_169.cpp">
      <Filter>源文件\NewFilter1</Filter>
    </ClCompile>
    <ClCompile Include="Solution_189.cpp">
      <Filter>源文件\NewFilter1</Filter>
    </ClCompile>
    <ClCompile Include="Solution_216.cpp">
      <Filter>源文件\NewFilter1</Filter>
    </ClCompile>
    <ClCompile Include="Solution_217.cpp">
      <Filter>源文件\NewFilter1</Filter>
    </ClCompile>
    <ClCompile Include="Solution_219.cpp">
      <Filter>源文件\NewFilter1</Filter>
    </ClCompile>
    <ClCompile Include="Solution_228.cpp">
      <Filter>源文件\NewFilter1</Filter>
    </ClCompile>
    <ClCompile Include="Solution_414.cpp">
      <Filter>源文件\NewFilter1</Filter>
    </ClCompile>
    <ClCompile Include="Solution_289.cpp">
      <Filter>源文件\NewFilter1</Filter>
    </ClCompile>
    <ClCompile Include="Solution_448.cpp">
      <Filter>源文件\NewFilter1</Filter>
    </ClCompile>
    <ClCompile Include="Solution_380.cpp">
      <Filter>源文件\NewFilter1</Filter>
    </ClCompile>
    <ClCompile Include="Solution_268.cpp">
      <Filter>源文件\NewFilter1</Filter>
    </ClCompile>
    <ClCompile Include="Solution_485.cpp">
      <Filter>源文件\NewFilter1</Filter>
    </ClCompile>
    <ClCompile Include="Solution_238.cpp">
      <Filter>源文件\NewFilter1</Filter>
    </ClCompile>
    <ClCompile Include="Solution_495.cpp">
      <Filter>源文件\NewFilter1</Filter>
    </ClCompile>
    <ClCompile Include="Solution_162.cpp">
      <Filter>源文件\NewFilter1</Filter>
    </ClCompile>
    <ClCompile Include="Solution_442.cpp">
      <Filter>源文件\NewFilter1</Filter>
    </ClCompile>
    <ClCompile Include="Solution_560.cpp">
      <Filter>源文件\NewFilter1</Filter>
    </ClCompile>
    <ClCompile Include="Solution_665.cpp">
      <Filter>源文件\NewFilter1</Filter>
    </ClCompile>
    <ClCompile Include="Solution_561.cpp">
      <Filter>源文件</Filter>
    </ClCompile>
    <ClCompile Include="Solution_565.cpp">
      <Filter>源文件</Filter>
    </ClCompile>
    <ClCompile Include="Solution_566.cpp">
      <Filter>源文件</Filter>
    </ClCompile>
    <ClCompile Include="Solution_581.cpp">
      <Filter>源文件</Filter>
    </ClCompile>
    <ClCompile Include="Solution_605.cpp">
      <Filter>源文件</Filter>
    </ClCompile>
    <ClCompile Include="Solution_611.cpp">
      <Filter>源文件</Filter>
    </ClCompile>
  </ItemGroup>
  <ItemGroup>
    <ClInclude Include="ListNode.h">
      <Filter>头文件</Filter>
    </ClInclude>
    <ClInclude Include="TreeNode.h">
      <Filter>头文件</Filter>
    </ClInclude>
  </ItemGroup>
</Project>